// !$*UTF8*$!
{
	archiveVersion = 1;
	classes = {
	};
	objectVersion = 56;
	objects = {

/* Begin PBXBuildFile section */
		AD8817BB299DDE0500DDFE53 /* Calendar.storyboard in Resources */ = {isa = PBXBuildFile; fileRef = AD8817BA299DDE0500DDFE53 /* Calendar.storyboard */; };
		AD8817BD299DDE1600DDFE53 /* CalendarViewController.swift in Sources */ = {isa = PBXBuildFile; fileRef = AD8817BC299DDE1600DDFE53 /* CalendarViewController.swift */; };
		ADA2C48E299B42CC00191610 /* CustomTableViewCell.swift in Sources */ = {isa = PBXBuildFile; fileRef = ADA2C48D299B42CC00191610 /* CustomTableViewCell.swift */; };
		ADA2C490299B46AB00191610 /* MainViewModel.swift in Sources */ = {isa = PBXBuildFile; fileRef = ADA2C48F299B46AB00191610 /* MainViewModel.swift */; };
		ADA2C492299B48A400191610 /* MainModel.swift in Sources */ = {isa = PBXBuildFile; fileRef = ADA2C491299B48A400191610 /* MainModel.swift */; };
		ADBA5B28299CEA3C00D4A4F8 /* Start.storyboard in Resources */ = {isa = PBXBuildFile; fileRef = ADBA5B27299CEA3C00D4A4F8 /* Start.storyboard */; };
		ADBA5B2A299CEB2300D4A4F8 /* StartViewController.swift in Sources */ = {isa = PBXBuildFile; fileRef = ADBA5B29299CEB2300D4A4F8 /* StartViewController.swift */; };
		ADD63311299A1BB000CDD814 /* AppDelegate.swift in Sources */ = {isa = PBXBuildFile; fileRef = ADD63310299A1BB000CDD814 /* AppDelegate.swift */; };
		ADD63313299A1BB000CDD814 /* SceneDelegate.swift in Sources */ = {isa = PBXBuildFile; fileRef = ADD63312299A1BB000CDD814 /* SceneDelegate.swift */; };
		ADD63315299A1BB000CDD814 /* MainViewController.swift in Sources */ = {isa = PBXBuildFile; fileRef = ADD63314299A1BB000CDD814 /* MainViewController.swift */; };
		ADD63318299A1BB000CDD814 /* Main.storyboard in Resources */ = {isa = PBXBuildFile; fileRef = ADD63316299A1BB000CDD814 /* Main.storyboard */; };
		ADD6331A299A1BB200CDD814 /* Assets.xcassets in Resources */ = {isa = PBXBuildFile; fileRef = ADD63319299A1BB200CDD814 /* Assets.xcassets */; };
		ADD6331D299A1BB200CDD814 /* LaunchScreen.storyboard in Resources */ = {isa = PBXBuildFile; fileRef = ADD6331B299A1BB200CDD814 /* LaunchScreen.storyboard */; };
		ADED7667299B864A00434648 /* FruitWebView.storyboard in Resources */ = {isa = PBXBuildFile; fileRef = ADED7666299B864A00434648 /* FruitWebView.storyboard */; };
		ADED7669299B879800434648 /* FruitWebViewViewController.swift in Sources */ = {isa = PBXBuildFile; fileRef = ADED7668299B879800434648 /* FruitWebViewViewController.swift */; };
/* End PBXBuildFile section */

/* Begin PBXFileReference section */
		AD8817BA299DDE0500DDFE53 /* Calendar.storyboard */ = {isa = PBXFileReference; lastKnownFileType = file.storyboard; path = Calendar.storyboard; sourceTree = "<group>"; };
		AD8817BC299DDE1600DDFE53 /* CalendarViewController.swift */ = {isa = PBXFileReference; lastKnownFileType = sourcecode.swift; path = CalendarViewController.swift; sourceTree = "<group>"; };
		ADA2C48D299B42CC00191610 /* CustomTableViewCell.swift */ = {isa = PBXFileReference; lastKnownFileType = sourcecode.swift; path = CustomTableViewCell.swift; sourceTree = "<group>"; };
		ADA2C48F299B46AB00191610 /* MainViewModel.swift */ = {isa = PBXFileReference; lastKnownFileType = sourcecode.swift; path = MainViewModel.swift; sourceTree = "<group>"; };
		ADA2C491299B48A400191610 /* MainModel.swift */ = {isa = PBXFileReference; lastKnownFileType = sourcecode.swift; path = MainModel.swift; sourceTree = "<group>"; };
		ADBA5B27299CEA3C00D4A4F8 /* Start.storyboard */ = {isa = PBXFileReference; lastKnownFileType = file.storyboard; path = Start.storyboard; sourceTree = "<group>"; };
		ADBA5B29299CEB2300D4A4F8 /* StartViewController.swift */ = {isa = PBXFileReference; lastKnownFileType = sourcecode.swift; path = StartViewController.swift; sourceTree = "<group>"; };
		ADD6330D299A1BB000CDD814 /* Fruit.app */ = {isa = PBXFileReference; explicitFileType = wrapper.application; includeInIndex = 0; path = Fruit.app; sourceTree = BUILT_PRODUCTS_DIR; };
		ADD63310299A1BB000CDD814 /* AppDelegate.swift */ = {isa = PBXFileReference; lastKnownFileType = sourcecode.swift; path = AppDelegate.swift; sourceTree = "<group>"; };
		ADD63312299A1BB000CDD814 /* SceneDelegate.swift */ = {isa = PBXFileReference; lastKnownFileType = sourcecode.swift; path = SceneDelegate.swift; sourceTree = "<group>"; };
		ADD63314299A1BB000CDD814 /* MainViewController.swift */ = {isa = PBXFileReference; lastKnownFileType = sourcecode.swift; path = MainViewController.swift; sourceTree = "<group>"; };
		ADD63317299A1BB000CDD814 /* Base */ = {isa = PBXFileReference; lastKnownFileType = file.storyboard; name = Base; path = Base.lproj/Main.storyboard; sourceTree = "<group>"; };
		ADD63319299A1BB200CDD814 /* Assets.xcassets */ = {isa = PBXFileReference; lastKnownFileType = folder.assetcatalog; path = Assets.xcassets; sourceTree = "<group>"; };
		ADD6331C299A1BB200CDD814 /* Base */ = {isa = PBXFileReference; lastKnownFileType = file.storyboard; name = Base; path = Base.lproj/LaunchScreen.storyboard; sourceTree = "<group>"; };
		ADD6331E299A1BB200CDD814 /* Info.plist */ = {isa = PBXFileReference; lastKnownFileType = text.plist.xml; path = Info.plist; sourceTree = "<group>"; };
		ADED7666299B864A00434648 /* FruitWebView.storyboard */ = {isa = PBXFileReference; lastKnownFileType = file.storyboard; path = FruitWebView.storyboard; sourceTree = "<group>"; };
		ADED7668299B879800434648 /* FruitWebViewViewController.swift */ = {isa = PBXFileReference; lastKnownFileType = sourcecode.swift; path = FruitWebViewViewController.swift; sourceTree = "<group>"; };
/* End PBXFileReference section */

/* Begin PBXFrameworksBuildPhase section */
		ADD6330A299A1BB000CDD814 /* Frameworks */ = {
			isa = PBXFrameworksBuildPhase;
			buildActionMask = 2147483647;
			files = (
			);
			runOnlyForDeploymentPostprocessing = 0;
		};
/* End PBXFrameworksBuildPhase section */

/* Begin PBXGroup section */
		AD8817B9299DDDD100DDFE53 /* Calendar */ = {
			isa = PBXGroup;
			children = (
				AD8817BA299DDE0500DDFE53 /* Calendar.storyboard */,
				AD8817BC299DDE1600DDFE53 /* CalendarViewController.swift */,
			);
			path = Calendar;
			sourceTree = "<group>";
		};
		ADBA5B23299CBEC400D4A4F8 /* Supporting Files */ = {
			isa = PBXGroup;
			children = (
				ADD63310299A1BB000CDD814 /* AppDelegate.swift */,
				ADD6331B299A1BB200CDD814 /* LaunchScreen.storyboard */,
			);
			path = "Supporting Files";
			sourceTree = "<group>";
		};
		ADBA5B24299CBF9000D4A4F8 /* FruitWebView */ = {
			isa = PBXGroup;
			children = (
				ADED7666299B864A00434648 /* FruitWebView.storyboard */,
				ADED7668299B879800434648 /* FruitWebViewViewController.swift */,
			);
			path = FruitWebView;
			sourceTree = "<group>";
		};
		ADBA5B25299CBFB000D4A4F8 /* Main */ = {
			isa = PBXGroup;
			children = (
				ADD63316299A1BB000CDD814 /* Main.storyboard */,
				ADD63314299A1BB000CDD814 /* MainViewController.swift */,
				ADA2C48F299B46AB00191610 /* MainViewModel.swift */,
				ADA2C491299B48A400191610 /* MainModel.swift */,
				ADA2C48D299B42CC00191610 /* CustomTableViewCell.swift */,
			);
			path = Main;
			sourceTree = "<group>";
		};
		ADBA5B26299CE9FF00D4A4F8 /* Start */ = {
			isa = PBXGroup;
			children = (
				ADBA5B27299CEA3C00D4A4F8 /* Start.storyboard */,
				ADBA5B29299CEB2300D4A4F8 /* StartViewController.swift */,
			);
			path = Start;
			sourceTree = "<group>";
		};
		ADD63304299A1BB000CDD814 = {
			isa = PBXGroup;
			children = (
				ADD6330F299A1BB000CDD814 /* Fruit */,
				ADD6330E299A1BB000CDD814 /* Products */,
			);
			sourceTree = "<group>";
		};
		ADD6330E299A1BB000CDD814 /* Products */ = {
			isa = PBXGroup;
			children = (
				ADD6330D299A1BB000CDD814 /* Fruit.app */,
			);
			name = Products;
			sourceTree = "<group>";
		};
		ADD6330F299A1BB000CDD814 /* Fruit */ = {
			isa = PBXGroup;
			children = (
				ADBA5B26299CE9FF00D4A4F8 /* Start */,
				ADBA5B25299CBFB000D4A4F8 /* Main */,
				AD8817B9299DDDD100DDFE53 /* Calendar */,
				ADBA5B24299CBF9000D4A4F8 /* FruitWebView */,
				ADBA5B23299CBEC400D4A4F8 /* Supporting Files */,
				ADD63312299A1BB000CDD814 /* SceneDelegate.swift */,
				ADD63319299A1BB200CDD814 /* Assets.xcassets */,
				ADD6331E299A1BB200CDD814 /* Info.plist */,
			);
			path = Fruit;
			sourceTree = "<group>";
		};
/* End PBXGroup section */

/* Begin PBXNativeTarget section */
		ADD6330C299A1BB000CDD814 /* Fruit */ = {
			isa = PBXNativeTarget;
			buildConfigurationList = ADD63321299A1BB200CDD814 /* Build configuration list for PBXNativeTarget "Fruit" */;
			buildPhases = (
				ADD63309299A1BB000CDD814 /* Sources */,
				ADD6330A299A1BB000CDD814 /* Frameworks */,
				ADD6330B299A1BB000CDD814 /* Resources */,
			);
			buildRules = (
			);
			dependencies = (
			);
			name = Fruit;
			productName = Fruit;
			productReference = ADD6330D299A1BB000CDD814 /* Fruit.app */;
			productType = "com.apple.product-type.application";
		};
/* End PBXNativeTarget section */

/* Begin PBXProject section */
		ADD63305299A1BB000CDD814 /* Project object */ = {
			isa = PBXProject;
			attributes = {
				BuildIndependentTargetsInParallel = 1;
				LastSwiftUpdateCheck = 1420;
				LastUpgradeCheck = 1420;
				TargetAttributes = {
					ADD6330C299A1BB000CDD814 = {
						CreatedOnToolsVersion = 14.2;
					};
				};
			};
			buildConfigurationList = ADD63308299A1BB000CDD814 /* Build configuration list for PBXProject "Fruit" */;
			compatibilityVersion = "Xcode 14.0";
			developmentRegion = en;
			hasScannedForEncodings = 0;
			knownRegions = (
				en,
				Base,
			);
			mainGroup = ADD63304299A1BB000CDD814;
			productRefGroup = ADD6330E299A1BB000CDD814 /* Products */;
			projectDirPath = "";
			projectRoot = "";
			targets = (
				ADD6330C299A1BB000CDD814 /* Fruit */,
			);
		};
/* End PBXProject section */

/* Begin PBXResourcesBuildPhase section */
		ADD6330B299A1BB000CDD814 /* Resources */ = {
			isa = PBXResourcesBuildPhase;
			buildActionMask = 2147483647;
			files = (
				AD8817BB299DDE0500DDFE53 /* Calendar.storyboard in Resources */,
				ADD6331D299A1BB200CDD814 /* LaunchScreen.storyboard in Resources */,
				ADED7667299B864A00434648 /* FruitWebView.storyboard in Resources */,
				ADBA5B28299CEA3C00D4A4F8 /* Start.storyboard in Resources */,
				ADD6331A299A1BB200CDD814 /* Assets.xcassets in Resources */,
				ADD63318299A1BB000CDD814 /* Main.storyboard in Resources */,
			);
			runOnlyForDeploymentPostprocessing = 0;
		};
/* End PBXResourcesBuildPhase section */

/* Begin PBXSourcesBuildPhase section */
		ADD63309299A1BB000CDD814 /* Sources */ = {
			isa = PBXSourcesBuildPhase;
			buildActionMask = 2147483647;
			files = (
				ADA2C490299B46AB00191610 /* MainViewModel.swift in Sources */,
				ADBA5B2A299CEB2300D4A4F8 /* StartViewController.swift in Sources */,
				ADD63315299A1BB000CDD814 /* MainViewController.swift in Sources */,
				ADD63311299A1BB000CDD814 /* AppDelegate.swift in Sources */,
				ADA2C492299B48A400191610 /* MainModel.swift in Sources */,
				ADED7669299B879800434648 /* FruitWebViewViewController.swift in Sources */,
				AD8817BD299DDE1600DDFE53 /* CalendarViewController.swift in Sources */,
				ADA2C48E299B42CC00191610 /* CustomTableViewCell.swift in Sources */,
				ADD63313299A1BB000CDD814 /* SceneDelegate.swift in Sources */,
			);
			runOnlyForDeploymentPostprocessing = 0;
		};
/* End PBXSourcesBuildPhase section */

/* Begin PBXVariantGroup section */
		ADD63316299A1BB000CDD814 /* Main.storyboard */ = {
			isa = PBXVariantGroup;
			children = (
				ADD63317299A1BB000CDD814 /* Base */,
			);
			name = Main.storyboard;
			sourceTree = "<group>";
		};
		ADD6331B299A1BB200CDD814 /* LaunchScreen.storyboard */ = {
			isa = PBXVariantGroup;
			children = (
				ADD6331C299A1BB200CDD814 /* Base */,
			);
			name = LaunchScreen.storyboard;
			sourceTree = "<group>";
		};
/* End PBXVariantGroup section */

/* Begin XCBuildConfiguration section */
		ADD6331F299A1BB200CDD814 /* Debug */ = {
			isa = XCBuildConfiguration;
			buildSettings = {
				ALWAYS_SEARCH_USER_PATHS = NO;
				CLANG_ANALYZER_NONNULL = YES;
				CLANG_ANALYZER_NUMBER_OBJECT_CONVERSION = YES_AGGRESSIVE;
				CLANG_CXX_LANGUAGE_STANDARD = "gnu++20";
				CLANG_ENABLE_MODULES = YES;
				CLANG_ENABLE_OBJC_ARC = YES;
				CLANG_ENABLE_OBJC_WEAK = YES;
				CLANG_WARN_BLOCK_CAPTURE_AUTORELEASING = YES;
				CLANG_WARN_BOOL_CONVERSION = YES;
				CLANG_WARN_COMMA = YES;
				CLANG_WARN_CONSTANT_CONVERSION = YES;
				CLANG_WARN_DEPRECATED_OBJC_IMPLEMENTATIONS = YES;
				CLANG_WARN_DIRECT_OBJC_ISA_USAGE = YES_ERROR;
				CLANG_WARN_DOCUMENTATION_COMMENTS = YES;
				CLANG_WARN_EMPTY_BODY = YES;
				CLANG_WARN_ENUM_CONVERSION = YES;
				CLANG_WARN_INFINITE_RECURSION = YES;
				CLANG_WARN_INT_CONVERSION = YES;
				CLANG_WARN_NON_LITERAL_NULL_CONVERSION = YES;
				CLANG_WARN_OBJC_IMPLICIT_RETAIN_SELF = YES;
				CLANG_WARN_OBJC_LITERAL_CONVERSION = YES;
				CLANG_WARN_OBJC_ROOT_CLASS = YES_ERROR;
				CLANG_WARN_QUOTED_INCLUDE_IN_FRAMEWORK_HEADER = YES;
				CLANG_WARN_RANGE_LOOP_ANALYSIS = YES;
				CLANG_WARN_STRICT_PROTOTYPES = YES;
				CLANG_WARN_SUSPICIOUS_MOVE = YES;
				CLANG_WARN_UNGUARDED_AVAILABILITY = YES_AGGRESSIVE;
				CLANG_WARN_UNREACHABLE_CODE = YES;
				CLANG_WARN__DUPLICATE_METHOD_MATCH = YES;
				COPY_PHASE_STRIP = NO;
				DEBUG_INFORMATION_FORMAT = dwarf;
				ENABLE_STRICT_OBJC_MSGSEND = YES;
				ENABLE_TESTABILITY = YES;
				GCC_C_LANGUAGE_STANDARD = gnu11;
				GCC_DYNAMIC_NO_PIC = NO;
				GCC_NO_COMMON_BLOCKS = YES;
				GCC_OPTIMIZATION_LEVEL = 0;
				GCC_PREPROCESSOR_DEFINITIONS = (
					"DEBUG=1",
					"$(inherited)",
				);
				GCC_WARN_64_TO_32_BIT_CONVERSION = YES;
				GCC_WARN_ABOUT_RETURN_TYPE = YES_ERROR;
				GCC_WARN_UNDECLARED_SELECTOR = YES;
				GCC_WARN_UNINITIALIZED_AUTOS = YES_AGGRESSIVE;
				GCC_WARN_UNUSED_FUNCTION = YES;
				GCC_WARN_UNUSED_VARIABLE = YES;
				IPHONEOS_DEPLOYMENT_TARGET = 16.2;
				MTL_ENABLE_DEBUG_INFO = INCLUDE_SOURCE;
				MTL_FAST_MATH = YES;
				ONLY_ACTIVE_ARCH = YES;
				SDKROOT = iphoneos;
				SWIFT_ACTIVE_COMPILATION_CONDITIONS = DEBUG;
				SWIFT_OPTIMIZATION_LEVEL = "-Onone";
			};
			name = Debug;
		};
		ADD63320299A1BB200CDD814 /* Release */ = {
			isa = XCBuildConfiguration;
			buildSettings = {
				ALWAYS_SEARCH_USER_PATHS = NO;
				CLANG_ANALYZER_NONNULL = YES;
				CLANG_ANALYZER_NUMBER_OBJECT_CONVERSION = YES_AGGRESSIVE;
				CLANG_CXX_LANGUAGE_STANDARD = "gnu++20";
				CLANG_ENABLE_MODULES = YES;
				CLANG_ENABLE_OBJC_ARC = YES;
				CLANG_ENABLE_OBJC_WEAK = YES;
				CLANG_WARN_BLOCK_CAPTURE_AUTORELEASING = YES;
				CLANG_WARN_BOOL_CONVERSION = YES;
				CLANG_WARN_COMMA = YES;
				CLANG_WARN_CONSTANT_CONVERSION = YES;
				CLANG_WARN_DEPRECATED_OBJC_IMPLEMENTATIONS = YES;
				CLANG_WARN_DIRECT_OBJC_ISA_USAGE = YES_ERROR;
				CLANG_WARN_DOCUMENTATION_COMMENTS = YES;
				CLANG_WARN_EMPTY_BODY = YES;
				CLANG_WARN_ENUM_CONVERSION = YES;
				CLANG_WARN_INFINITE_RECURSION = YES;
				CLANG_WARN_INT_CONVERSION = YES;
				CLANG_WARN_NON_LITERAL_NULL_CONVERSION = YES;
				CLANG_WARN_OBJC_IMPLICIT_RETAIN_SELF = YES;
				CLANG_WARN_OBJC_LITERAL_CONVERSION = YES;
				CLANG_WARN_OBJC_ROOT_CLASS = YES_ERROR;
				CLANG_WARN_QUOTED_INCLUDE_IN_FRAMEWORK_HEADER = YES;
				CLANG_WARN_RANGE_LOOP_ANALYSIS = YES;
				CLANG_WARN_STRICT_PROTOTYPES = YES;
				CLANG_WARN_SUSPICIOUS_MOVE = YES;
				CLANG_WARN_UNGUARDED_AVAILABILITY = YES_AGGRESSIVE;
				CLANG_WARN_UNREACHABLE_CODE = YES;
				CLANG_WARN__DUPLICATE_METHOD_MATCH = YES;
				COPY_PHASE_STRIP = NO;
				DEBUG_INFORMATION_FORMAT = "dwarf-with-dsym";
				ENABLE_NS_ASSERTIONS = NO;
				ENABLE_STRICT_OBJC_MSGSEND = YES;
				GCC_C_LANGUAGE_STANDARD = gnu11;
				GCC_NO_COMMON_BLOCKS = YES;
				GCC_WARN_64_TO_32_BIT_CONVERSION = YES;
				GCC_WARN_ABOUT_RETURN_TYPE = YES_ERROR;
				GCC_WARN_UNDECLARED_SELECTOR = YES;
				GCC_WARN_UNINITIALIZED_AUTOS = YES_AGGRESSIVE;
				GCC_WARN_UNUSED_FUNCTION = YES;
				GCC_WARN_UNUSED_VARIABLE = YES;
				IPHONEOS_DEPLOYMENT_TARGET = 16.2;
				MTL_ENABLE_DEBUG_INFO = NO;
				MTL_FAST_MATH = YES;
				SDKROOT = iphoneos;
				SWIFT_COMPILATION_MODE = wholemodule;
				SWIFT_OPTIMIZATION_LEVEL = "-O";
				VALIDATE_PRODUCT = YES;
			};
			name = Release;
		};
		ADD63322299A1BB200CDD814 /* Debug */ = {
			isa = XCBuildConfiguration;
			buildSettings = {
				ASSETCATALOG_COMPILER_APPICON_NAME = AppIcon;
				ASSETCATALOG_COMPILER_GLOBAL_ACCENT_COLOR_NAME = AccentColor;
				CODE_SIGN_STYLE = Automatic;
				CURRENT_PROJECT_VERSION = 1;
				DEVELOPMENT_TEAM = 7W6G4D425J;
				GENERATE_INFOPLIST_FILE = YES;
				INFOPLIST_FILE = Fruit/Info.plist;
				INFOPLIST_KEY_UIApplicationSupportsIndirectInputEvents = YES;
				INFOPLIST_KEY_UILaunchStoryboardName = LaunchScreen;
				INFOPLIST_KEY_UIMainStoryboardFile = Main;
				INFOPLIST_KEY_UISupportedInterfaceOrientations_iPad = "UIInterfaceOrientationPortrait UIInterfaceOrientationPortraitUpsideDown UIInterfaceOrientationLandscapeLeft UIInterfaceOrientationLandscapeRight";
				INFOPLIST_KEY_UISupportedInterfaceOrientations_iPhone = "UIInterfaceOrientationPortrait UIInterfaceOrientationLandscapeLeft UIInterfaceOrientationLandscapeRight";
				LD_RUNPATH_SEARCH_PATHS = (
					"$(inherited)",
					"@executable_path/Frameworks",
				);
				MARKETING_VERSION = 1.0;
				PRODUCT_BUNDLE_IDENTIFIER = aamlid.Fruit;
				PRODUCT_NAME = "$(TARGET_NAME)";
				SWIFT_EMIT_LOC_STRINGS = YES;
				SWIFT_VERSION = 5.0;
				TARGETED_DEVICE_FAMILY = "1,2";
			};
			name = Debug;
		};
		ADD63323299A1BB200CDD814 /* Release */ = {
			isa = XCBuildConfiguration;
			buildSettings = {
				ASSETCATALOG_COMPILER_APPICON_NAME = AppIcon;
				ASSETCATALOG_COMPILER_GLOBAL_ACCENT_COLOR_NAME = AccentColor;
				CODE_SIGN_STYLE = Automatic;
				CURRENT_PROJECT_VERSION = 1;
				DEVELOPMENT_TEAM = 7W6G4D425J;
				GENERATE_INFOPLIST_FILE = YES;
				INFOPLIST_FILE = Fruit/Info.plist;
				INFOPLIST_KEY_UIApplicationSupportsIndirectInputEvents = YES;
				INFOPLIST_KEY_UILaunchStoryboardName = LaunchScreen;
				INFOPLIST_KEY_UIMainStoryboardFile = Main;
				INFOPLIST_KEY_UISupportedInterfaceOrientations_iPad = "UIInterfaceOrientationPortrait UIInterfaceOrientationPortraitUpsideDown UIInterfaceOrientationLandscapeLeft UIInterfaceOrientationLandscapeRight";
				INFOPLIST_KEY_UISupportedInterfaceOrientations_iPhone = "UIInterfaceOrientationPortrait UIInterfaceOrientationLandscapeLeft UIInterfaceOrientationLandscapeRight";
				LD_RUNPATH_SEARCH_PATHS = (
					"$(inherited)",
					"@executable_path/Frameworks",
				);
				MARKETING_VERSION = 1.0;
				PRODUCT_BUNDLE_IDENTIFIER = aamlid.Fruit;
				PRODUCT_NAME = "$(TARGET_NAME)";
				SWIFT_EMIT_LOC_STRINGS = YES;
				SWIFT_VERSION = 5.0;
				TARGETED_DEVICE_FAMILY = "1,2";
			};
			name = Release;
		};
/* End XCBuildConfiguration section */

/* Begin XCConfigurationList section */
		ADD63308299A1BB000CDD814 /* Build configuration list for PBXProject "Fruit" */ = {
			isa = XCConfigurationList;
			buildConfigurations = (
				ADD6331F299A1BB200CDD814 /* Debug */,
				ADD63320299A1BB200CDD814 /* Release */,
			);
			defaultConfigurationIsVisible = 0;
			defaultConfigurationName = Release;
		};
		ADD63321299A1BB200CDD814 /* Build configuration list for PBXNativeTarget "Fruit" */ = {
			isa = XCConfigurationList;
			buildConfigurations = (
				ADD63322299A1BB200CDD814 /* Debug */,
				ADD63323299A1BB200CDD814 /* Release */,
			);
			defaultConfigurationIsVisible = 0;
			defaultConfigurationName = Release;
		};
/* End XCConfigurationList section */
	};
	rootObject = ADD63305299A1BB000CDD814 /* Project object */;
}
